
Microsoft Visual Studio Solution File, Format Version 12.00
# Visual Studio for Mac
Project("{FAE04EC0-301F-11D3-BF4B-00C04F79EFBC}") = "Assembly-CSharp", "Assembly-CSharp.csproj", "{E3EF6E53-88BE-20EB-65C7-C65330B49779}"
EndProject
Project("{FAE04EC0-301F-11D3-BF4B-00C04F79EFBC}") = "MacBLAS", "MacBLAS.csproj", "{D82F1CE3-212E-A520-DC61-742B2FB40B4B}"
EndProject
Project("{FAE04EC0-301F-11D3-BF4B-00C04F79EFBC}") = "iOSBLAS", "iOSBLAS.csproj", "{9B623DA2-1758-95A6-9299-D1248C78EAE2}"
EndProject
Project("{FAE04EC0-301F-11D3-BF4B-00C04F79EFBC}") = "Assembly-CSharp-Editor", "Assembly-CSharp-Editor.csproj", "{8D77353F-CBDB-13B2-466C-3FFE38CDFEE2}"
EndProject
Global
	GlobalSection(SolutionConfigurationPlatforms) = preSolution
		Debug|Any CPU = Debug|Any CPU
		Release|Any CPU = Release|Any CPU
	EndGlobalSection
	GlobalSection(ProjectConfigurationPlatforms) = postSolution
		{E3EF6E53-88BE-20EB-65C7-C65330B49779}.Debug|Any CPU.ActiveCfg = Debug|Any CPU
		{E3EF6E53-88BE-20EB-65C7-C65330B49779}.Debug|Any CPU.Build.0 = Debug|Any CPU
		{E3EF6E53-88BE-20EB-65C7-C65330B49779}.Release|Any CPU.ActiveCfg = Release|Any CPU
		{E3EF6E53-88BE-20EB-65C7-C65330B49779}.Release|Any CPU.Build.0 = Release|Any CPU
		{D82F1CE3-212E-A520-DC61-742B2FB40B4B}.Debug|Any CPU.ActiveCfg = Debug|Any CPU
		{D82F1CE3-212E-A520-DC61-742B2FB40B4B}.Debug|Any CPU.Build.0 = Debug|Any CPU
		{D82F1CE3-212E-A520-DC61-742B2FB40B4B}.Release|Any CPU.ActiveCfg = Release|Any CPU
		{D82F1CE3-212E-A520-DC61-742B2FB40B4B}.Release|Any CPU.Build.0 = Release|Any CPU
		{9B623DA2-1758-95A6-9299-D1248C78EAE2}.Debug|Any CPU.ActiveCfg = Debug|Any CPU
		{9B623DA2-1758-95A6-9299-D1248C78EAE2}.Debug|Any CPU.Build.0 = Debug|Any CPU
		{9B623DA2-1758-95A6-9299-D1248C78EAE2}.Release|Any CPU.ActiveCfg = Release|Any CPU
		{9B623DA2-1758-95A6-9299-D1248C78EAE2}.Release|Any CPU.Build.0 = Release|Any CPU
		{8D77353F-CBDB-13B2-466C-3FFE38CDFEE2}.Debug|Any CPU.ActiveCfg = Debug|Any CPU
		{8D77353F-CBDB-13B2-466C-3FFE38CDFEE2}.Debug|Any CPU.Build.0 = Debug|Any CPU
		{8D77353F-CBDB-13B2-466C-3FFE38CDFEE2}.Release|Any CPU.ActiveCfg = Release|Any CPU
		{8D77353F-CBDB-13B2-466C-3FFE38CDFEE2}.Release|Any CPU.Build.0 = Release|Any CPU
	EndGlobalSection
	GlobalSection(SolutionProperties) = preSolution
		HideSolutionNode = FALSE
	EndGlobalSection
EndGlobal
